
Microsoft Visual Studio Solution File, Format Version 12.00
# Visual Studio Version 16
VisualStudioVersion = 16.0.30330.147
MinimumVisualStudioVersion = 10.0.40219.1
Project("{FAE04EC0-301F-11D3-BF4B-00C04F79EFBC}") = "AW2017", "AW2017.csproj", "{AE8D0690-6925-4ECC-A849-521B3DEC0BAD}"
EndProject
Global
	GlobalSection(SolutionConfigurationPlatforms) = preSolution
		Debug|Any CPU = Debug|Any CPU
		Release|Any CPU = Release|Any CPU
	EndGlobalSection
	GlobalSection(ProjectConfigurationPlatforms) = postSolution
		{AE8D0690-6925-4ECC-A849-521B3DEC0BAD}.Debug|Any CPU.ActiveCfg = Debug|Any CPU
		{AE8D0690-6925-4ECC-A849-521B3DEC0BAD}.Debug|Any CPU.Build.0 = Debug|Any CPU
		{AE8D0690-6925-4ECC-A849-521B3DEC0BAD}.Release|Any CPU.ActiveCfg = Release|Any CPU
		{AE8D0690-6925-4ECC-A849-521B3DEC0BAD}.Release|Any CPU.Build.0 = Release|Any CPU
	EndGlobalSection
	GlobalSection(SolutionProperties) = preSolution
		HideSolutionNode = FALSE
	EndGlobalSection
	GlobalSection(ExtensibilityGlobals) = postSolution
		SolutionGuid = {73AD2B31-D603-4E5F-B02D-3193CAA5BE93}
	EndGlobalSection
EndGlobal
